
Microsoft Visual Studio Solution File, Format Version 12.00
# Visual Studio Version 16
VisualStudioVersion = 16.0.32413.511
MinimumVisualStudioVersion = 10.0.40219.1
Project("{FAE04EC0-301F-11D3-BF4B-00C04F79EFBC}") = "MyShop.Core", "MyShop.Core\MyShop.Core.csproj", "{AF0ADA3B-22C2-4C21-B5B9-A4539BDA9D0F}"
EndProject
Project("{FAE04EC0-301F-11D3-BF4B-00C04F79EFBC}") = "MyShop.DataAccess.SQL", "MyShop.DataAccess.SQL\MyShop.DataAccess.SQL.csproj", "{3DA56010-0C39-4AAD-B6E6-89EF84F2244F}"
EndProject
Project("{FAE04EC0-301F-11D3-BF4B-00C04F79EFBC}") = "MyShop.DataAccess.InMemory", "MyShop.DataAccess.InMemory\MyShop.DataAccess.InMemory.csproj", "{EFD49602-DB13-4034-96F1-D9FCE36122BF}"
EndProject
Project("{FAE04EC0-301F-11D3-BF4B-00C04F79EFBC}") = "MyShop.Services", "MyShop.Services\MyShop.Services.csproj", "{C84323F5-E5B9-4BEA-A096-5EE02E557811}"
EndProject
Project("{FAE04EC0-301F-11D3-BF4B-00C04F79EFBC}") = "MyShop.WebUI", "MyShop.WebUI\MyShop.WebUI.csproj", "{50178F1D-FAF3-4107-834E-85E2083B19DC}"
EndProject
Project("{FAE04EC0-301F-11D3-BF4B-00C04F79EFBC}") = "MyShop.WebUI.Tests", "MyShop.WebUI.Tests\MyShop.WebUI.Tests.csproj", "{EF4FDA9F-73A5-4846-9B91-5D7F3FC5A198}"
EndProject
Global
	GlobalSection(SolutionConfigurationPlatforms) = preSolution
		Debug|Any CPU = Debug|Any CPU
		Release|Any CPU = Release|Any CPU
	EndGlobalSection
	GlobalSection(ProjectConfigurationPlatforms) = postSolution
		{AF0ADA3B-22C2-4C21-B5B9-A4539BDA9D0F}.Debug|Any CPU.ActiveCfg = Debug|Any CPU
		{AF0ADA3B-22C2-4C21-B5B9-A4539BDA9D0F}.Debug|Any CPU.Build.0 = Debug|Any CPU
		{AF0ADA3B-22C2-4C21-B5B9-A4539BDA9D0F}.Release|Any CPU.ActiveCfg = Release|Any CPU
		{AF0ADA3B-22C2-4C21-B5B9-A4539BDA9D0F}.Release|Any CPU.Build.0 = Release|Any CPU
		{3DA56010-0C39-4AAD-B6E6-89EF84F2244F}.Debug|Any CPU.ActiveCfg = Debug|Any CPU
		{3DA56010-0C39-4AAD-B6E6-89EF84F2244F}.Debug|Any CPU.Build.0 = Debug|Any CPU
		{3DA56010-0C39-4AAD-B6E6-89EF84F2244F}.Release|Any CPU.ActiveCfg = Release|Any CPU
		{3DA56010-0C39-4AAD-B6E6-89EF84F2244F}.Release|Any CPU.Build.0 = Release|Any CPU
		{EFD49602-DB13-4034-96F1-D9FCE36122BF}.Debug|Any CPU.ActiveCfg = Debug|Any CPU
		{EFD49602-DB13-4034-96F1-D9FCE36122BF}.Debug|Any CPU.Build.0 = Debug|Any CPU
		{EFD49602-DB13-4034-96F1-D9FCE36122BF}.Release|Any CPU.ActiveCfg = Release|Any CPU
		{EFD49602-DB13-4034-96F1-D9FCE36122BF}.Release|Any CPU.Build.0 = Release|Any CPU
		{C84323F5-E5B9-4BEA-A096-5EE02E557811}.Debug|Any CPU.ActiveCfg = Debug|Any CPU
		{C84323F5-E5B9-4BEA-A096-5EE02E557811}.Debug|Any CPU.Build.0 = Debug|Any CPU
		{C84323F5-E5B9-4BEA-A096-5EE02E557811}.Release|Any CPU.ActiveCfg = Release|Any CPU
		{C84323F5-E5B9-4BEA-A096-5EE02E557811}.Release|Any CPU.Build.0 = Release|Any CPU
		{50178F1D-FAF3-4107-834E-85E2083B19DC}.Debug|Any CPU.ActiveCfg = Debug|Any CPU
		{50178F1D-FAF3-4107-834E-85E2083B19DC}.Debug|Any CPU.Build.0 = Debug|Any CPU
		{50178F1D-FAF3-4107-834E-85E2083B19DC}.Release|Any CPU.ActiveCfg = Release|Any CPU
		{50178F1D-FAF3-4107-834E-85E2083B19DC}.Release|Any CPU.Build.0 = Release|Any CPU
		{EF4FDA9F-73A5-4846-9B91-5D7F3FC5A198}.Debug|Any CPU.ActiveCfg = Debug|Any CPU
		{EF4FDA9F-73A5-4846-9B91-5D7F3FC5A198}.Debug|Any CPU.Build.0 = Debug|Any CPU
		{EF4FDA9F-73A5-4846-9B91-5D7F3FC5A198}.Release|Any CPU.ActiveCfg = Release|Any CPU
		{EF4FDA9F-73A5-4846-9B91-5D7F3FC5A198}.Release|Any CPU.Build.0 = Release|Any CPU
	EndGlobalSection
	GlobalSection(SolutionProperties) = preSolution
		HideSolutionNode = FALSE
	EndGlobalSection
	GlobalSection(ExtensibilityGlobals) = postSolution
		SolutionGuid = {08B71D64-7598-411B-B04A-F5418F51FFEE}
	EndGlobalSection
EndGlobal
